# This file is automatically @generated by Cargo.
# It is not intended for manual editing.
version = 4

[[package]]
name = "build_helper"
version = "0.1.0"
dependencies = [
 "cc",
]

[[package]]
name = "cc"
version = "0.1.0"

[[package]]
name = "cloud_utils"
version = "0.1.0"
dependencies = [
 "cmake_wrap",
]

[[package]]
name = "cmake_wrap"
version = "0.1.0"
dependencies = [
 "cc",
]

[[package]]
name = "market_time"
version = "0.1.0"
dependencies = [
 "build_helper",
]
