# This file is automatically @generated by Cargo.
# It is not intended for manual editing.
version = 4

[[package]]
name = "dep_with"
version = "0.1.0"
dependencies = [
 "mio",
]

[[package]]
name = "dep_without"
version = "0.1.0"
dependencies = [
 "tokio_like",
]

[[package]]
name = "log"
version = "0.1.0"

[[package]]
name = "mio"
version = "0.1.0"
dependencies = [
 "log",
]

[[package]]
name = "tokio_like"
version = "0.1.0"
dependencies = [
 "mio",
]
