# This file is automatically @generated by Cargo.
# It is not intended for manual editing.
version = 4

[[package]]
name = "cloud_utils"
version = "0.1.0"
dependencies = [
 "rand",
]

[[package]]
name = "num_complex"
version = "0.1.0"
dependencies = [
 "rand",
]

[[package]]
name = "rand"
version = "0.1.0"
dependencies = [
 "rand_chacha",
]

[[package]]
name = "rand_chacha"
version = "0.1.0"
