# This file is automatically @generated by Cargo.
# It is not intended for manual editing.
version = 4

[[package]]
name = "alpha"
version = "0.1.0"
dependencies = [
 "lib_sqlite",
]

[[package]]
name = "beta"
version = "0.1.0"
dependencies = [
 "lib_aws",
]

[[package]]
name = "cc"
version = "0.1.0"

[[package]]
name = "cmake_wrap"
version = "0.1.0"
dependencies = [
 "cc",
]

[[package]]
name = "lib_aws"
version = "0.1.0"
dependencies = [
 "cmake_wrap",
]

[[package]]
name = "lib_sqlite"
version = "0.1.0"
dependencies = [
 "cc",
]
