# This file is automatically @generated by Cargo.
# It is not intended for manual editing.
version = 4

[[package]]
name = "alpha"
version = "0.1.0"
dependencies = [
 "lib_a",
]

[[package]]
name = "beta"
version = "0.1.0"
dependencies = [
 "derive_more",
 "lib_b",
]

[[package]]
name = "derive_more"
version = "0.1.0"
dependencies = [
 "derive_more_impl",
]

[[package]]
name = "derive_more_impl"
version = "0.1.0"

[[package]]
name = "lib_a"
version = "0.1.0"
dependencies = [
 "derive_more",
]

[[package]]
name = "lib_b"
version = "0.1.0"
