# This file is automatically @generated by Cargo.
# It is not intended for manual editing.
version = 4

[[package]]
name = "alpha"
version = "0.1.0"
dependencies = [
 "pass1",
]

[[package]]
name = "beta"
version = "0.1.0"
dependencies = [
 "pass2",
]

[[package]]
name = "codec"
version = "0.1.0"

[[package]]
name = "pass1"
version = "0.1.0"
dependencies = [
 "codec",
]

[[package]]
name = "pass2"
version = "0.1.0"
dependencies = [
 "codec",
]
