# This file is automatically @generated by Cargo.
# It is not intended for manual editing.
version = 4

[[package]]
name = "daily"
version = "0.1.0"
dependencies = [
 "serde_json",
]

[[package]]
name = "jsonptr"
version = "0.1.0"
dependencies = [
 "serde_json",
]

[[package]]
name = "livetrader"
version = "0.1.0"
dependencies = [
 "jsonptr",
]

[[package]]
name = "serde_json"
version = "0.1.0"
