# This file is automatically @generated by Cargo.
# It is not intended for manual editing.
version = 3

[[package]]
name = "alpha"
version = "0.1.0"
dependencies = [
 "delta",
 "gamma",
]

[[package]]
name = "beta"
version = "0.1.0"
dependencies = [
 "delta",
]

[[package]]
name = "delta"
version = "0.1.0"

[[package]]
name = "gamma"
version = "0.1.0"
dependencies = [
 "delta",
]
