# This file is automatically @generated by Cargo.
# It is not intended for manual editing.
version = 4

[[package]]
name = "cxx"
version = "0.1.0"
dependencies = [
 "foldhash",
]

[[package]]
name = "foldhash"
version = "0.1.0"

[[package]]
name = "hashbrown"
version = "0.1.0"
dependencies = [
 "foldhash",
]

[[package]]
name = "market_time"
version = "0.1.0"
dependencies = [
 "hashbrown",
]

[[package]]
name = "models"
version = "0.1.0"
dependencies = [
 "quadprogpp",
]

[[package]]
name = "quadprogpp"
version = "0.1.0"
dependencies = [
 "quadprogpp_sys",
]

[[package]]
name = "quadprogpp_sys"
version = "0.1.0"
dependencies = [
 "cxx",
]
