# This file is automatically @generated by Cargo.
# It is not intended for manual editing.
version = 4

[[package]]
name = "aws-lc-sys"
version = "0.1.0"
dependencies = [
 "cc",
]

[[package]]
name = "cc"
version = "0.1.0"

[[package]]
name = "cloud_utils"
version = "0.1.0"
dependencies = [
 "mid1",
]

[[package]]
name = "libsqlite3-sys"
version = "0.1.0"
dependencies = [
 "cc",
]

[[package]]
name = "market_time"
version = "0.1.0"
dependencies = [
 "mid2",
]

[[package]]
name = "mid1"
version = "0.1.0"
dependencies = [
 "aws-lc-sys",
]

[[package]]
name = "mid2"
version = "0.1.0"
dependencies = [
 "libsqlite3-sys",
]
